// !$*UTF8*$!
{
	archiveVersion = 1;
	classes = {
	};
	objectVersion = 48;
	objects = {

/* Begin PBXBuildFile section */
		300B5AE3200F834600FC4610 /* AppDelegate.swift in Sources */ = {isa = PBXBuildFile; fileRef = 300B5AE2200F834600FC4610 /* AppDelegate.swift */; };
		300B5AE5200F834600FC4610 /* TrainScene.sks in Resources */ = {isa = PBXBuildFile; fileRef = 300B5AE4200F834600FC4610 /* TrainScene.sks */; };
		300B5AE9200F834600FC4610 /* TrainScene.swift in Sources */ = {isa = PBXBuildFile; fileRef = 300B5AE8200F834600FC4610 /* TrainScene.swift */; };
		300B5AEB200F834600FC4610 /* GameViewController.swift in Sources */ = {isa = PBXBuildFile; fileRef = 300B5AEA200F834600FC4610 /* GameViewController.swift */; };
		300B5AEE200F834600FC4610 /* Main.storyboard in Resources */ = {isa = PBXBuildFile; fileRef = 300B5AEC200F834600FC4610 /* Main.storyboard */; };
		300B5AF0200F834600FC4610 /* Assets.xcassets in Resources */ = {isa = PBXBuildFile; fileRef = 300B5AEF200F834600FC4610 /* Assets.xcassets */; };
		300B5AF3200F834600FC4610 /* LaunchScreen.storyboard in Resources */ = {isa = PBXBuildFile; fileRef = 300B5AF1200F834600FC4610 /* LaunchScreen.storyboard */; };
		300B5AFB200F8E7900FC4610 /* StructureAndConstants.swift in Sources */ = {isa = PBXBuildFile; fileRef = 300B5AFA200F8E7900FC4610 /* StructureAndConstants.swift */; };
		300B5B212010CD5600FC4610 /* Dynamics.swift in Sources */ = {isa = PBXBuildFile; fileRef = 300B5B202010CD5600FC4610 /* Dynamics.swift */; };
		300B5B2320121F2A00FC4610 /* extension.swift in Sources */ = {isa = PBXBuildFile; fileRef = 300B5B2220121F2A00FC4610 /* extension.swift */; };
		3014F9BF201327AE007C5D5E /* StartScene.sks in Resources */ = {isa = PBXBuildFile; fileRef = 3014F9BE201327AE007C5D5E /* StartScene.sks */; };
		3014F9C120132962007C5D5E /* StartScene.swift in Sources */ = {isa = PBXBuildFile; fileRef = 3014F9C020132962007C5D5E /* StartScene.swift */; };
		3014F9C320132C74007C5D5E /* Button.swift in Sources */ = {isa = PBXBuildFile; fileRef = 3014F9C220132C74007C5D5E /* Button.swift */; };
		3014F9CB201359C0007C5D5E /* tool.swift in Sources */ = {isa = PBXBuildFile; fileRef = 3014F9CA201359C0007C5D5E /* tool.swift */; };
/* End PBXBuildFile section */

/* Begin PBXFileReference section */
		300B5ADF200F834600FC4610 /* FeelShake.app */ = {isa = PBXFileReference; explicitFileType = wrapper.application; includeInIndex = 0; path = FeelShake.app; sourceTree = BUILT_PRODUCTS_DIR; };
		300B5AE2200F834600FC4610 /* AppDelegate.swift */ = {isa = PBXFileReference; lastKnownFileType = sourcecode.swift; path = AppDelegate.swift; sourceTree = "<group>"; };
		300B5AE4200F834600FC4610 /* TrainScene.sks */ = {isa = PBXFileReference; lastKnownFileType = file.sks; path = TrainScene.sks; sourceTree = "<group>"; };
		300B5AE8200F834600FC4610 /* TrainScene.swift */ = {isa = PBXFileReference; lastKnownFileType = sourcecode.swift; path = TrainScene.swift; sourceTree = "<group>"; };
		300B5AEA200F834600FC4610 /* GameViewController.swift */ = {isa = PBXFileReference; lastKnownFileType = sourcecode.swift; path = GameViewController.swift; sourceTree = "<group>"; };
		300B5AED200F834600FC4610 /* Base */ = {isa = PBXFileReference; lastKnownFileType = file.storyboard; name = Base; path = Base.lproj/Main.storyboard; sourceTree = "<group>"; };
		300B5AEF200F834600FC4610 /* Assets.xcassets */ = {isa = PBXFileReference; lastKnownFileType = folder.assetcatalog; path = Assets.xcassets; sourceTree = "<group>"; };
		300B5AF2200F834600FC4610 /* Base */ = {isa = PBXFileReference; lastKnownFileType = file.storyboard; name = Base; path = Base.lproj/LaunchScreen.storyboard; sourceTree = "<group>"; };
		300B5AF4200F834600FC4610 /* Info.plist */ = {isa = PBXFileReference; lastKnownFileType = text.plist.xml; path = Info.plist; sourceTree = "<group>"; };
		300B5AFA200F8E7900FC4610 /* StructureAndConstants.swift */ = {isa = PBXFileReference; lastKnownFileType = sourcecode.swift; path = StructureAndConstants.swift; sourceTree = "<group>"; };
		300B5B202010CD5600FC4610 /* Dynamics.swift */ = {isa = PBXFileReference; lastKnownFileType = sourcecode.swift; path = Dynamics.swift; sourceTree = "<group>"; };
		300B5B2220121F2A00FC4610 /* extension.swift */ = {isa = PBXFileReference; lastKnownFileType = sourcecode.swift; path = extension.swift; sourceTree = "<group>"; };
		3014F9BE201327AE007C5D5E /* StartScene.sks */ = {isa = PBXFileReference; lastKnownFileType = file.sks; path = StartScene.sks; sourceTree = "<group>"; };
		3014F9C020132962007C5D5E /* StartScene.swift */ = {isa = PBXFileReference; lastKnownFileType = sourcecode.swift; path = StartScene.swift; sourceTree = "<group>"; };
		3014F9C220132C74007C5D5E /* Button.swift */ = {isa = PBXFileReference; lastKnownFileType = sourcecode.swift; path = Button.swift; sourceTree = "<group>"; };
		3014F9CA201359C0007C5D5E /* tool.swift */ = {isa = PBXFileReference; lastKnownFileType = sourcecode.swift; path = tool.swift; sourceTree = "<group>"; };
/* End PBXFileReference section */

/* Begin PBXFrameworksBuildPhase section */
		300B5ADC200F834600FC4610 /* Frameworks */ = {
			isa = PBXFrameworksBuildPhase;
			buildActionMask = 2147483647;
			files = (
			);
			runOnlyForDeploymentPostprocessing = 0;
		};
/* End PBXFrameworksBuildPhase section */

/* Begin PBXGroup section */
		300B5AD6200F834600FC4610 = {
			isa = PBXGroup;
			children = (
				300B5AE1200F834600FC4610 /* FeelShake */,
				300B5AE0200F834600FC4610 /* Products */,
			);
			sourceTree = "<group>";
		};
		300B5AE0200F834600FC4610 /* Products */ = {
			isa = PBXGroup;
			children = (
				300B5ADF200F834600FC4610 /* FeelShake.app */,
			);
			name = Products;
			sourceTree = "<group>";
		};
		300B5AE1200F834600FC4610 /* FeelShake */ = {
			isa = PBXGroup;
			children = (
				3014F9C8201351FF007C5D5E /* Common */,
				3014F9C7201351D9007C5D5E /* StartScene */,
				3014F9C62013518A007C5D5E /* TrainScene */,
				3014F9C920135222007C5D5E /* Other */,
				300B5AEF200F834600FC4610 /* Assets.xcassets */,
				300B5AF1200F834600FC4610 /* LaunchScreen.storyboard */,
				300B5AF4200F834600FC4610 /* Info.plist */,
			);
			path = FeelShake;
			sourceTree = "<group>";
		};
		3014F9C62013518A007C5D5E /* TrainScene */ = {
			isa = PBXGroup;
			children = (
				300B5AE8200F834600FC4610 /* TrainScene.swift */,
				300B5AE4200F834600FC4610 /* TrainScene.sks */,
			);
			path = TrainScene;
			sourceTree = "<group>";
		};
		3014F9C7201351D9007C5D5E /* StartScene */ = {
			isa = PBXGroup;
			children = (
				3014F9C020132962007C5D5E /* StartScene.swift */,
				3014F9BE201327AE007C5D5E /* StartScene.sks */,
			);
			path = StartScene;
			sourceTree = "<group>";
		};
		3014F9C8201351FF007C5D5E /* Common */ = {
			isa = PBXGroup;
			children = (
				300B5B2220121F2A00FC4610 /* extension.swift */,
				300B5AFA200F8E7900FC4610 /* StructureAndConstants.swift */,
				3014F9C220132C74007C5D5E /* Button.swift */,
				3014F9CA201359C0007C5D5E /* tool.swift */,
				3014F9EA2014AF4D007C5D5E /* Dynamics */,
			);
			path = Common;
			sourceTree = "<group>";
		};
		3014F9C920135222007C5D5E /* Other */ = {
			isa = PBXGroup;
			children = (
				300B5AEA200F834600FC4610 /* GameViewController.swift */,
				300B5AE2200F834600FC4610 /* AppDelegate.swift */,
				300B5AEC200F834600FC4610 /* Main.storyboard */,
			);
			path = Other;
			sourceTree = "<group>";
		};
		3014F9EA2014AF4D007C5D5E /* Dynamics */ = {
			isa = PBXGroup;
			children = (
				300B5B202010CD5600FC4610 /* Dynamics.swift */,
			);
			path = Dynamics;
			sourceTree = "<group>";
		};
/* End PBXGroup section */

/* Begin PBXNativeTarget section */
		300B5ADE200F834600FC4610 /* FeelShake */ = {
			isa = PBXNativeTarget;
			buildConfigurationList = 300B5AF7200F834600FC4610 /* Build configuration list for PBXNativeTarget "FeelShake" */;
			buildPhases = (
				300B5ADB200F834600FC4610 /* Sources */,
				300B5ADC200F834600FC4610 /* Frameworks */,
				300B5ADD200F834600FC4610 /* Resources */,
			);
			buildRules = (
			);
			dependencies = (
			);
			name = FeelShake;
			productName = shindo;
			productReference = 300B5ADF200F834600FC4610 /* FeelShake.app */;
			productType = "com.apple.product-type.application";
		};
/* End PBXNativeTarget section */

/* Begin PBXProject section */
		300B5AD7200F834600FC4610 /* Project object */ = {
			isa = PBXProject;
			attributes = {
				LastSwiftUpdateCheck = 0920;
				LastUpgradeCheck = 0920;
				ORGANIZATIONNAME = Kei;
				TargetAttributes = {
					300B5ADE200F834600FC4610 = {
						CreatedOnToolsVersion = 9.2;
						ProvisioningStyle = Automatic;
					};
				};
			};
			buildConfigurationList = 300B5ADA200F834600FC4610 /* Build configuration list for PBXProject "FeelShake" */;
			compatibilityVersion = "Xcode 8.0";
			developmentRegion = en;
			hasScannedForEncodings = 0;
			knownRegions = (
				en,
				Base,
			);
			mainGroup = 300B5AD6200F834600FC4610;
			productRefGroup = 300B5AE0200F834600FC4610 /* Products */;
			projectDirPath = "";
			projectRoot = "";
			targets = (
				300B5ADE200F834600FC4610 /* FeelShake */,
			);
		};
/* End PBXProject section */

/* Begin PBXResourcesBuildPhase section */
		300B5ADD200F834600FC4610 /* Resources */ = {
			isa = PBXResourcesBuildPhase;
			buildActionMask = 2147483647;
			files = (
				300B5AEE200F834600FC4610 /* Main.storyboard in Resources */,
				300B5AE5200F834600FC4610 /* TrainScene.sks in Resources */,
				300B5AF0200F834600FC4610 /* Assets.xcassets in Resources */,
				3014F9BF201327AE007C5D5E /* StartScene.sks in Resources */,
				300B5AF3200F834600FC4610 /* LaunchScreen.storyboard in Resources */,
			);
			runOnlyForDeploymentPostprocessing = 0;
		};
/* End PBXResourcesBuildPhase section */

/* Begin PBXSourcesBuildPhase section */
		300B5ADB200F834600FC4610 /* Sources */ = {
			isa = PBXSourcesBuildPhase;
			buildActionMask = 2147483647;
			files = (
				300B5AE9200F834600FC4610 /* TrainScene.swift in Sources */,
				3014F9C120132962007C5D5E /* StartScene.swift in Sources */,
				300B5AEB200F834600FC4610 /* GameViewController.swift in Sources */,
				3014F9C320132C74007C5D5E /* Button.swift in Sources */,
				300B5AE3200F834600FC4610 /* AppDelegate.swift in Sources */,
				300B5B2320121F2A00FC4610 /* extension.swift in Sources */,
				3014F9CB201359C0007C5D5E /* tool.swift in Sources */,
				300B5B212010CD5600FC4610 /* Dynamics.swift in Sources */,
				300B5AFB200F8E7900FC4610 /* StructureAndConstants.swift in Sources */,
			);
			runOnlyForDeploymentPostprocessing = 0;
		};
/* End PBXSourcesBuildPhase section */

/* Begin PBXVariantGroup section */
		300B5AEC200F834600FC4610 /* Main.storyboard */ = {
			isa = PBXVariantGroup;
			children = (
				300B5AED200F834600FC4610 /* Base */,
			);
			name = Main.storyboard;
			sourceTree = "<group>";
		};
		300B5AF1200F834600FC4610 /* LaunchScreen.storyboard */ = {
			isa = PBXVariantGroup;
			children = (
				300B5AF2200F834600FC4610 /* Base */,
			);
			name = LaunchScreen.storyboard;
			sourceTree = "<group>";
		};
/* End PBXVariantGroup section */

/* Begin XCBuildConfiguration section */
		300B5AF5200F834600FC4610 /* Debug */ = {
			isa = XCBuildConfiguration;
			buildSettings = {
				ALWAYS_SEARCH_USER_PATHS = NO;
				CLANG_ANALYZER_NONNULL = YES;
				CLANG_ANALYZER_NUMBER_OBJECT_CONVERSION = YES_AGGRESSIVE;
				CLANG_CXX_LANGUAGE_STANDARD = "gnu++14";
				CLANG_CXX_LIBRARY = "libc++";
				CLANG_ENABLE_MODULES = YES;
				CLANG_ENABLE_OBJC_ARC = YES;
				CLANG_WARN_BLOCK_CAPTURE_AUTORELEASING = YES;
				CLANG_WARN_BOOL_CONVERSION = YES;
				CLANG_WARN_COMMA = YES;
				CLANG_WARN_CONSTANT_CONVERSION = YES;
				CLANG_WARN_DIRECT_OBJC_ISA_USAGE = YES_ERROR;
				CLANG_WARN_DOCUMENTATION_COMMENTS = YES;
				CLANG_WARN_EMPTY_BODY = YES;
				CLANG_WARN_ENUM_CONVERSION = YES;
				CLANG_WARN_INFINITE_RECURSION = YES;
				CLANG_WARN_INT_CONVERSION = YES;
				CLANG_WARN_NON_LITERAL_NULL_CONVERSION = YES;
				CLANG_WARN_OBJC_LITERAL_CONVERSION = YES;
				CLANG_WARN_OBJC_ROOT_CLASS = YES_ERROR;
				CLANG_WARN_RANGE_LOOP_ANALYSIS = YES;
				CLANG_WARN_STRICT_PROTOTYPES = YES;
				CLANG_WARN_SUSPICIOUS_MOVE = YES;
				CLANG_WARN_UNGUARDED_AVAILABILITY = YES_AGGRESSIVE;
				CLANG_WARN_UNREACHABLE_CODE = YES;
				CLANG_WARN__DUPLICATE_METHOD_MATCH = YES;
				CODE_SIGN_IDENTITY = "iPhone Developer";
				COPY_PHASE_STRIP = NO;
				DEBUG_INFORMATION_FORMAT = dwarf;
				ENABLE_STRICT_OBJC_MSGSEND = YES;
				ENABLE_TESTABILITY = YES;
				GCC_C_LANGUAGE_STANDARD = gnu11;
				GCC_DYNAMIC_NO_PIC = NO;
				GCC_NO_COMMON_BLOCKS = YES;
				GCC_OPTIMIZATION_LEVEL = 0;
				GCC_PREPROCESSOR_DEFINITIONS = (
					"DEBUG=1",
					"$(inherited)",
				);
				GCC_WARN_64_TO_32_BIT_CONVERSION = YES;
				GCC_WARN_ABOUT_RETURN_TYPE = YES_ERROR;
				GCC_WARN_UNDECLARED_SELECTOR = YES;
				GCC_WARN_UNINITIALIZED_AUTOS = YES_AGGRESSIVE;
				GCC_WARN_UNUSED_FUNCTION = YES;
				GCC_WARN_UNUSED_VARIABLE = YES;
				IPHONEOS_DEPLOYMENT_TARGET = 11.2;
				MTL_ENABLE_DEBUG_INFO = YES;
				ONLY_ACTIVE_ARCH = YES;
				SDKROOT = iphoneos;
				SWIFT_ACTIVE_COMPILATION_CONDITIONS = DEBUG;
				SWIFT_OPTIMIZATION_LEVEL = "-Onone";
			};
			name = Debug;
		};
		300B5AF6200F834600FC4610 /* Release */ = {
			isa = XCBuildConfiguration;
			buildSettings = {
				ALWAYS_SEARCH_USER_PATHS = NO;
				CLANG_ANALYZER_NONNULL = YES;
				CLANG_ANALYZER_NUMBER_OBJECT_CONVERSION = YES_AGGRESSIVE;
				CLANG_CXX_LANGUAGE_STANDARD = "gnu++14";
				CLANG_CXX_LIBRARY = "libc++";
				CLANG_ENABLE_MODULES = YES;
				CLANG_ENABLE_OBJC_ARC = YES;
				CLANG_WARN_BLOCK_CAPTURE_AUTORELEASING = YES;
				CLANG_WARN_BOOL_CONVERSION = YES;
				CLANG_WARN_COMMA = YES;
				CLANG_WARN_CONSTANT_CONVERSION = YES;
				CLANG_WARN_DIRECT_OBJC_ISA_USAGE = YES_ERROR;
				CLANG_WARN_DOCUMENTATION_COMMENTS = YES;
				CLANG_WARN_EMPTY_BODY = YES;
				CLANG_WARN_ENUM_CONVERSION = YES;
				CLANG_WARN_INFINITE_RECURSION = YES;
				CLANG_WARN_INT_CONVERSION = YES;
				CLANG_WARN_NON_LITERAL_NULL_CONVERSION = YES;
				CLANG_WARN_OBJC_LITERAL_CONVERSION = YES;
				CLANG_WARN_OBJC_ROOT_CLASS = YES_ERROR;
				CLANG_WARN_RANGE_LOOP_ANALYSIS = YES;
				CLANG_WARN_STRICT_PROTOTYPES = YES;
				CLANG_WARN_SUSPICIOUS_MOVE = YES;
				CLANG_WARN_UNGUARDED_AVAILABILITY = YES_AGGRESSIVE;
				CLANG_WARN_UNREACHABLE_CODE = YES;
				CLANG_WARN__DUPLICATE_METHOD_MATCH = YES;
				CODE_SIGN_IDENTITY = "iPhone Developer";
				COPY_PHASE_STRIP = NO;
				DEBUG_INFORMATION_FORMAT = "dwarf-with-dsym";
				ENABLE_NS_ASSERTIONS = NO;
				ENABLE_STRICT_OBJC_MSGSEND = YES;
				GCC_C_LANGUAGE_STANDARD = gnu11;
				GCC_NO_COMMON_BLOCKS = YES;
				GCC_WARN_64_TO_32_BIT_CONVERSION = YES;
				GCC_WARN_ABOUT_RETURN_TYPE = YES_ERROR;
				GCC_WARN_UNDECLARED_SELECTOR = YES;
				GCC_WARN_UNINITIALIZED_AUTOS = YES_AGGRESSIVE;
				GCC_WARN_UNUSED_FUNCTION = YES;
				GCC_WARN_UNUSED_VARIABLE = YES;
				IPHONEOS_DEPLOYMENT_TARGET = 11.2;
				MTL_ENABLE_DEBUG_INFO = NO;
				SDKROOT = iphoneos;
				SWIFT_OPTIMIZATION_LEVEL = "-Owholemodule";
				VALIDATE_PRODUCT = YES;
			};
			name = Release;
		};
		300B5AF8200F834600FC4610 /* Debug */ = {
			isa = XCBuildConfiguration;
			buildSettings = {
				ASSETCATALOG_COMPILER_APPICON_NAME = AppIcon;
				CODE_SIGN_STYLE = Automatic;
				DEVELOPMENT_TEAM = 4ZCKYW9F25;
				INFOPLIST_FILE = shindo/Info.plist;
				IPHONEOS_DEPLOYMENT_TARGET = 11.0;
				LD_RUNPATH_SEARCH_PATHS = "$(inherited) @executable_path/Frameworks";
				PRODUCT_BUNDLE_IDENTIFIER = com.example.FeelShake;
				PRODUCT_NAME = "$(TARGET_NAME)";
				SWIFT_VERSION = 4.0;
				TARGETED_DEVICE_FAMILY = "1,2";
			};
			name = Debug;
		};
		300B5AF9200F834600FC4610 /* Release */ = {
			isa = XCBuildConfiguration;
			buildSettings = {
				ASSETCATALOG_COMPILER_APPICON_NAME = AppIcon;
				CODE_SIGN_STYLE = Automatic;
				DEVELOPMENT_TEAM = 4ZCKYW9F25;
				INFOPLIST_FILE = shindo/Info.plist;
				IPHONEOS_DEPLOYMENT_TARGET = 11.0;
				LD_RUNPATH_SEARCH_PATHS = "$(inherited) @executable_path/Frameworks";
				PRODUCT_BUNDLE_IDENTIFIER = com.example.FeelShake;
				PRODUCT_NAME = "$(TARGET_NAME)";
				SWIFT_VERSION = 4.0;
				TARGETED_DEVICE_FAMILY = "1,2";
			};
			name = Release;
		};
/* End XCBuildConfiguration section */

/* Begin XCConfigurationList section */
		300B5ADA200F834600FC4610 /* Build configuration list for PBXProject "FeelShake" */ = {
			isa = XCConfigurationList;
			buildConfigurations = (
				300B5AF5200F834600FC4610 /* Debug */,
				300B5AF6200F834600FC4610 /* Release */,
			);
			defaultConfigurationIsVisible = 0;
			defaultConfigurationName = Release;
		};
		300B5AF7200F834600FC4610 /* Build configuration list for PBXNativeTarget "FeelShake" */ = {
			isa = XCConfigurationList;
			buildConfigurations = (
				300B5AF8200F834600FC4610 /* Debug */,
				300B5AF9200F834600FC4610 /* Release */,
			);
			defaultConfigurationIsVisible = 0;
			defaultConfigurationName = Release;
		};
/* End XCConfigurationList section */
	};
	rootObject = 300B5AD7200F834600FC4610 /* Project object */;
}
